{
  "version": 4,
  "terraform_version": "1.5.1",
  "serial": 40,
  "lineage": "b55f2642-7f5b-15d2-8778-9bb7aa9e2212",
  "outputs": {},
  "resources": [
    {
      "mode": "managed",
      "type": "azurerm_network_interface",
      "name": "nic",
      "provider": "provider[\"registry.terraform.io/hashicorp/azurerm\"]",
      "instances": [
        {
          "schema_version": 0,
          "attributes": {
            "applied_dns_servers": [],
            "dns_servers": [],
            "edge_zone": "",
            "enable_accelerated_networking": false,
            "enable_ip_forwarding": false,
            "id": "/subscriptions/765266c6-9a23-4638-af32-dd1e32613047/resourceGroups/ADDA84-CTP/providers/Microsoft.Network/networkInterfaces/mynic",
            "internal_dns_name_label": "",
            "internal_domain_name_suffix": "tbpvrgpmhljero211xvof0d4hh.parx.internal.cloudapp.net",
            "ip_configuration": [
              {
                "gateway_load_balancer_frontend_ip_configuration_id": "",
                "name": "myipconfig",
                "primary": true,
                "private_ip_address": "10.3.1.4",
                "private_ip_address_allocation": "Dynamic",
                "private_ip_address_version": "IPv4",
                "public_ip_address_id": "/subscriptions/765266c6-9a23-4638-af32-dd1e32613047/resourceGroups/ADDA84-CTP/providers/Microsoft.Network/publicIPAddresses/myPublicIP",
                "subnet_id": "/subscriptions/765266c6-9a23-4638-af32-dd1e32613047/resourceGroups/ADDA84-CTP/providers/Microsoft.Network/virtualNetworks/network-tp4/subnets/internal"
              }
            ],
            "location": "francecentral",
            "mac_address": "60-45-BD-6E-B6-FC",
            "name": "mynic",
            "private_ip_address": "10.3.1.4",
            "private_ip_addresses": [
              "10.3.1.4"
            ],
            "resource_group_name": "ADDA84-CTP",
            "tags": {},
            "timeouts": null,
            "virtual_machine_id": "/subscriptions/765266c6-9a23-4638-af32-dd1e32613047/resourceGroups/ADDA84-CTP/providers/Microsoft.Compute/virtualMachines/devops-20190389"
          },
          "sensitive_attributes": [],
          "private": "eyJlMmJmYjczMC1lY2FhLTExZTYtOGY4OC0zNDM2M2JjN2M0YzAiOnsiY3JlYXRlIjoxODAwMDAwMDAwMDAwLCJkZWxldGUiOjE4MDAwMDAwMDAwMDAsInJlYWQiOjMwMDAwMDAwMDAwMCwidXBkYXRlIjoxODAwMDAwMDAwMDAwfX0=",
          "dependencies": [
            "azurerm_public_ip.public_ip"
          ]
        }
      ]
    },
    {
      "mode": "managed",
      "type": "azurerm_public_ip",
      "name": "public_ip",
      "provider": "provider[\"registry.terraform.io/hashicorp/azurerm\"]",
      "instances": [
        {
          "schema_version": 0,
          "attributes": {
            "allocation_method": "Static",
            "ddos_protection_mode": "VirtualNetworkInherited",
            "ddos_protection_plan_id": null,
            "domain_name_label": null,
            "edge_zone": "",
            "fqdn": null,
            "id": "/subscriptions/765266c6-9a23-4638-af32-dd1e32613047/resourceGroups/ADDA84-CTP/providers/Microsoft.Network/publicIPAddresses/mypublicip",
            "idle_timeout_in_minutes": 4,
            "ip_address": "20.43.58.119",
            "ip_tags": {},
            "ip_version": "IPv4",
            "location": "francecentral",
            "name": "mypublicip",
            "public_ip_prefix_id": null,
            "resource_group_name": "ADDA84-CTP",
            "reverse_fqdn": null,
            "sku": "Basic",
            "sku_tier": "Regional",
            "tags": {},
            "timeouts": null,
            "zones": []
          },
          "sensitive_attributes": [],
          "private": "eyJlMmJmYjczMC1lY2FhLTExZTYtOGY4OC0zNDM2M2JjN2M0YzAiOnsiY3JlYXRlIjoxODAwMDAwMDAwMDAwLCJkZWxldGUiOjE4MDAwMDAwMDAwMDAsInJlYWQiOjMwMDAwMDAwMDAwMCwidXBkYXRlIjoxODAwMDAwMDAwMDAwfX0="
        }
      ]
    },
    {
      "mode": "managed",
      "type": "azurerm_virtual_machine",
      "name": "vm",
      "provider": "provider[\"registry.terraform.io/hashicorp/azurerm\"]",
      "instances": [
        {
          "schema_version": 0,
          "attributes": {
            "additional_capabilities": [],
            "availability_set_id": null,
            "boot_diagnostics": [],
            "delete_data_disks_on_termination": false,
            "delete_os_disk_on_termination": false,
            "id": "/subscriptions/765266c6-9a23-4638-af32-dd1e32613047/resourceGroups/ADDA84-CTP/providers/Microsoft.Compute/virtualMachines/devops-20190389",
            "identity": [],
            "license_type": null,
            "location": "francecentral",
            "name": "devops-20190389",
            "network_interface_ids": [
              "/subscriptions/765266c6-9a23-4638-af32-dd1e32613047/resourceGroups/ADDA84-CTP/providers/Microsoft.Network/networkInterfaces/mynic"
            ],
            "os_profile": [
              {
                "admin_password": "",
                "admin_username": "devops",
                "computer_name": "myvm",
                "custom_data": ""
              }
            ],
            "os_profile_linux_config": [
              {
                "disable_password_authentication": true,
                "ssh_keys": [
                  {
                    "key_data": "ssh-rsa AAAAB3NzaC1yc2EAAAADAQABAAACAQD3z5YprTfLL6dzuqeLMT3nfGV1P6hx0bSORNRsD3jiZO+hC8WW/fCEs7SHHivQB0dNTbDA1eG/8WqZAFq+EUH2jLoZaULJmOe0Hfd4EzrRTJNgluM40Vupn7lSD2DE7cXLd7cKjwAbRUwjEQSgSWU5YcRtwwK+XjT/2yyRnGWKHw0eDM2QhiMMHCazJfK5HzwubqBsMZG9qozlbwzGDo1c2pBLL/mebomAFHv18RK3Jpw+53CsXjdc7EgfzDB3zmYFdO3+7fI2+e1lSymgfq1Oqc+lk0P1rh3zjspWNpEhko5gb460kIsF2QT3Tg7J5/MnEJ3m/agQnW4jOKzoc6wD83Ka/vkHrhF4tG/62QrNOfT+oSldTnQ8ccnLFlxXVTtsDuSPRlWo5NmxDprbNWqoUvweJ1GPgyeYsYSL9z4SnjsyTMjKHkf3YfVa/fUQSOvEyAah8VfSQ22Bfph3BsAng+/wtCtPfPl4z1GbQgoTGXUjVCLLVrwQypyvj8m2EBzOAvvjqt01uJUWkNcxSu6Ed5tCDnwwrt4WFiVZo7dGgETrHV/h75fnj02c2aB2TyXpA1SjHJlvcHTqTXrfwODZAcxs+MtdEnaoAxyok9QNRI9Ohzez4VKfBhicnbXkaY+UCmp7vP/jyfqJl8cZTAXnU9ljizm+xpso7j7BSqYJRQ== arnau@A-MSI",
                    "path": "/home/devops/.ssh/authorized_keys"
                  }
                ]
              }
            ],
            "os_profile_secrets": [],
            "os_profile_windows_config": [],
            "plan": [],
            "primary_network_interface_id": null,
            "proximity_placement_group_id": null,
            "resource_group_name": "ADDA84-CTP",
            "storage_data_disk": [],
            "storage_image_reference": [
              {
                "id": "",
                "offer": "UbuntuServer",
                "publisher": "Canonical",
                "sku": "16.04-LTS",
                "version": "latest"
              }
            ],
            "storage_os_disk": [
              {
                "caching": "ReadWrite",
                "create_option": "FromImage",
                "disk_size_gb": 30,
                "image_uri": "",
                "managed_disk_id": "/subscriptions/765266c6-9a23-4638-af32-dd1e32613047/resourceGroups/ADDA84-CTP/providers/Microsoft.Compute/disks/disk",
                "managed_disk_type": "Standard_LRS",
                "name": "disk",
                "os_type": "Linux",
                "vhd_uri": "",
                "write_accelerator_enabled": false
              }
            ],
            "tags": {},
            "timeouts": null,
            "vm_size": "Standard_D2s_v3",
            "zones": []
          },
          "sensitive_attributes": [],
          "private": "eyJlMmJmYjczMC1lY2FhLTExZTYtOGY4OC0zNDM2M2JjN2M0YzAiOnsiY3JlYXRlIjozNjAwMDAwMDAwMDAwLCJkZWxldGUiOjM2MDAwMDAwMDAwMDAsInJlYWQiOjMwMDAwMDAwMDAwMCwidXBkYXRlIjozNjAwMDAwMDAwMDAwfX0=",
          "dependencies": [
            "azurerm_network_interface.nic",
            "azurerm_public_ip.public_ip"
          ]
        }
      ]
    }
  ],
  "check_results": null
}
